
Microsoft Visual Studio Solution File, Format Version 12.00
# Visual Studio 2012
Project("{FAE04EC0-301F-11D3-BF4B-00C04F79EFBC}") = "BenchmarkAppCSharp", "BenchmarkAppCSharp\BenchmarkAppCSharp.csproj", "{68986311-FE6C-4542-9654-6E3B9E9D5DEB}"
EndProject
Global
	GlobalSection(SolutionConfigurationPlatforms) = preSolution
		Debug|Any CPU = Debug|Any CPU
		Release|Any CPU = Release|Any CPU
	EndGlobalSection
	GlobalSection(ProjectConfigurationPlatforms) = postSolution
		{68986311-FE6C-4542-9654-6E3B9E9D5DEB}.Debug|Any CPU.ActiveCfg = Debug|Any CPU
		{68986311-FE6C-4542-9654-6E3B9E9D5DEB}.Debug|Any CPU.Build.0 = Debug|Any CPU
		{68986311-FE6C-4542-9654-6E3B9E9D5DEB}.Release|Any CPU.ActiveCfg = Release|Any CPU
		{68986311-FE6C-4542-9654-6E3B9E9D5DEB}.Release|Any CPU.Build.0 = Release|Any CPU
	EndGlobalSection
	GlobalSection(SolutionProperties) = preSolution
		HideSolutionNode = FALSE
	EndGlobalSection
EndGlobal
